
Microsoft Visual Studio Solution File, Format Version 11.00
# Visual Studio 2010
Project("{FAE04EC0-301F-11D3-BF4B-00C04F79EFBC}") = "Assembly-CSharp", "Assembly-CSharp.csproj", "{FA463169-F6CD-645E-22C6-D2EC6501AF64}"
EndProject
Project("{FAE04EC0-301F-11D3-BF4B-00C04F79EFBC}") = "Assembly-CSharp-Editor", "Assembly-CSharp-Editor.csproj", "{D90C130B-5C48-253C-0D6D-453E51B23DE9}"
EndProject
Global
	GlobalSection(SolutionConfigurationPlatforms) = preSolution
		Debug|Any CPU = Debug|Any CPU
		Release|Any CPU = Release|Any CPU
	EndGlobalSection
	GlobalSection(ProjectConfigurationPlatforms) = postSolution
		{FA463169-F6CD-645E-22C6-D2EC6501AF64}.Debug|Any CPU.ActiveCfg = Debug|Any CPU
		{FA463169-F6CD-645E-22C6-D2EC6501AF64}.Debug|Any CPU.Build.0 = Debug|Any CPU
		{FA463169-F6CD-645E-22C6-D2EC6501AF64}.Release|Any CPU.ActiveCfg = Release|Any CPU
		{FA463169-F6CD-645E-22C6-D2EC6501AF64}.Release|Any CPU.Build.0 = Release|Any CPU
		{D90C130B-5C48-253C-0D6D-453E51B23DE9}.Debug|Any CPU.ActiveCfg = Debug|Any CPU
		{D90C130B-5C48-253C-0D6D-453E51B23DE9}.Debug|Any CPU.Build.0 = Debug|Any CPU
		{D90C130B-5C48-253C-0D6D-453E51B23DE9}.Release|Any CPU.ActiveCfg = Release|Any CPU
		{D90C130B-5C48-253C-0D6D-453E51B23DE9}.Release|Any CPU.Build.0 = Release|Any CPU
	EndGlobalSection
	GlobalSection(SolutionProperties) = preSolution
		HideSolutionNode = FALSE
	EndGlobalSection
	GlobalSection(MonoDevelopProperties) = preSolution
		StartupItem = Assembly-CSharp.csproj
	EndGlobalSection
EndGlobal
